// !$*UTF8*$!
{
	archiveVersion = 1;
	classes = {
	};
	objectVersion = 46;
	objects = {

/* Begin PBXBuildFile section */
		62393F351D97B58700542D37 /* main.m in Sources */ = {isa = PBXBuildFile; fileRef = 62393F341D97B58700542D37 /* main.m */; };
		62393F381D97B58700542D37 /* AppDelegate.m in Sources */ = {isa = PBXBuildFile; fileRef = 62393F371D97B58700542D37 /* AppDelegate.m */; };
		62393F3B1D97B58700542D37 /* ViewController.m in Sources */ = {isa = PBXBuildFile; fileRef = 62393F3A1D97B58700542D37 /* ViewController.m */; };
		62393F3E1D97B58700542D37 /* Main.storyboard in Resources */ = {isa = PBXBuildFile; fileRef = 62393F3C1D97B58700542D37 /* Main.storyboard */; };
		62393F401D97B58700542D37 /* Assets.xcassets in Resources */ = {isa = PBXBuildFile; fileRef = 62393F3F1D97B58700542D37 /* Assets.xcassets */; };
		62393F431D97B58700542D37 /* LaunchScreen.storyboard in Resources */ = {isa = PBXBuildFile; fileRef = 62393F411D97B58700542D37 /* LaunchScreen.storyboard */; };
		62393F5F1D97B87500542D37 /* ZWOpenSSLRSA.m in Sources */ = {isa = PBXBuildFile; fileRef = 62393F5E1D97B87500542D37 /* ZWOpenSSLRSA.m */; };
		62393F621D97B88400542D37 /* ZWRSA.m in Sources */ = {isa = PBXBuildFile; fileRef = 62393F611D97B88400542D37 /* ZWRSA.m */; };
		62393F651D97C2A800542D37 /* cert.der in Resources */ = {isa = PBXBuildFile; fileRef = 62393F631D97B8C900542D37 /* cert.der */; };
		62393F661D97C2A800542D37 /* pkcs.p12 in Resources */ = {isa = PBXBuildFile; fileRef = 62393F641D97B8C900542D37 /* pkcs.p12 */; };
		62393F691D97C67B00542D37 /* rsa_private_key.pem in Resources */ = {isa = PBXBuildFile; fileRef = 62393F671D97C67B00542D37 /* rsa_private_key.pem */; };
		62393F6A1D97C67B00542D37 /* rsa_public_key.pem in Resources */ = {isa = PBXBuildFile; fileRef = 62393F681D97C67B00542D37 /* rsa_public_key.pem */; };
		CB7BE47A52A418FD9CCF8E42 /* libPods-RSAEncryptDecrypt.a in Frameworks */ = {isa = PBXBuildFile; fileRef = 7EFC784EE19E150F960FC69C /* libPods-RSAEncryptDecrypt.a */; };
/* End PBXBuildFile section */

/* Begin PBXFileReference section */
		62393F301D97B58700542D37 /* RSAEncryptDecrypt.app */ = {isa = PBXFileReference; explicitFileType = wrapper.application; includeInIndex = 0; path = RSAEncryptDecrypt.app; sourceTree = BUILT_PRODUCTS_DIR; };
		62393F341D97B58700542D37 /* main.m */ = {isa = PBXFileReference; lastKnownFileType = sourcecode.c.objc; path = main.m; sourceTree = "<group>"; };
		62393F361D97B58700542D37 /* AppDelegate.h */ = {isa = PBXFileReference; lastKnownFileType = sourcecode.c.h; path = AppDelegate.h; sourceTree = "<group>"; };
		62393F371D97B58700542D37 /* AppDelegate.m */ = {isa = PBXFileReference; lastKnownFileType = sourcecode.c.objc; path = AppDelegate.m; sourceTree = "<group>"; };
		62393F391D97B58700542D37 /* ViewController.h */ = {isa = PBXFileReference; lastKnownFileType = sourcecode.c.h; path = ViewController.h; sourceTree = "<group>"; };
		62393F3A1D97B58700542D37 /* ViewController.m */ = {isa = PBXFileReference; lastKnownFileType = sourcecode.c.objc; path = ViewController.m; sourceTree = "<group>"; };
		62393F3D1D97B58700542D37 /* Base */ = {isa = PBXFileReference; lastKnownFileType = file.storyboard; name = Base; path = Base.lproj/Main.storyboard; sourceTree = "<group>"; };
		62393F3F1D97B58700542D37 /* Assets.xcassets */ = {isa = PBXFileReference; lastKnownFileType = folder.assetcatalog; path = Assets.xcassets; sourceTree = "<group>"; };
		62393F421D97B58700542D37 /* Base */ = {isa = PBXFileReference; lastKnownFileType = file.storyboard; name = Base; path = Base.lproj/LaunchScreen.storyboard; sourceTree = "<group>"; };
		62393F441D97B58700542D37 /* Info.plist */ = {isa = PBXFileReference; lastKnownFileType = text.plist.xml; path = Info.plist; sourceTree = "<group>"; };
		62393F5D1D97B87500542D37 /* ZWOpenSSLRSA.h */ = {isa = PBXFileReference; fileEncoding = 4; lastKnownFileType = sourcecode.c.h; path = ZWOpenSSLRSA.h; sourceTree = "<group>"; };
		62393F5E1D97B87500542D37 /* ZWOpenSSLRSA.m */ = {isa = PBXFileReference; fileEncoding = 4; lastKnownFileType = sourcecode.c.objc; path = ZWOpenSSLRSA.m; sourceTree = "<group>"; };
		62393F601D97B88400542D37 /* ZWRSA.h */ = {isa = PBXFileReference; fileEncoding = 4; lastKnownFileType = sourcecode.c.h; path = ZWRSA.h; sourceTree = "<group>"; };
		62393F611D97B88400542D37 /* ZWRSA.m */ = {isa = PBXFileReference; fileEncoding = 4; lastKnownFileType = sourcecode.c.objc; path = ZWRSA.m; sourceTree = "<group>"; };
		62393F631D97B8C900542D37 /* cert.der */ = {isa = PBXFileReference; lastKnownFileType = file; path = cert.der; sourceTree = "<group>"; };
		62393F641D97B8C900542D37 /* pkcs.p12 */ = {isa = PBXFileReference; lastKnownFileType = file; path = pkcs.p12; sourceTree = "<group>"; };
		62393F671D97C67B00542D37 /* rsa_private_key.pem */ = {isa = PBXFileReference; fileEncoding = 4; lastKnownFileType = text; path = rsa_private_key.pem; sourceTree = "<group>"; };
		62393F681D97C67B00542D37 /* rsa_public_key.pem */ = {isa = PBXFileReference; fileEncoding = 4; lastKnownFileType = text; path = rsa_public_key.pem; sourceTree = "<group>"; };
		6AB9C29DFBB445E07A9A1D08 /* Pods-RSAEncryptDecrypt.release.xcconfig */ = {isa = PBXFileReference; includeInIndex = 1; lastKnownFileType = text.xcconfig; name = "Pods-RSAEncryptDecrypt.release.xcconfig"; path = "Pods/Target Support Files/Pods-RSAEncryptDecrypt/Pods-RSAEncryptDecrypt.release.xcconfig"; sourceTree = "<group>"; };
		7EFC784EE19E150F960FC69C /* libPods-RSAEncryptDecrypt.a */ = {isa = PBXFileReference; explicitFileType = archive.ar; includeInIndex = 0; path = "libPods-RSAEncryptDecrypt.a"; sourceTree = BUILT_PRODUCTS_DIR; };
		ECC3E5E3D648017618CFA2DF /* Pods-RSAEncryptDecrypt.debug.xcconfig */ = {isa = PBXFileReference; includeInIndex = 1; lastKnownFileType = text.xcconfig; name = "Pods-RSAEncryptDecrypt.debug.xcconfig"; path = "Pods/Target Support Files/Pods-RSAEncryptDecrypt/Pods-RSAEncryptDecrypt.debug.xcconfig"; sourceTree = "<group>"; };
/* End PBXFileReference section */

/* Begin PBXFrameworksBuildPhase section */
		62393F2D1D97B58700542D37 /* Frameworks */ = {
			isa = PBXFrameworksBuildPhase;
			buildActionMask = 2147483647;
			files = (
				CB7BE47A52A418FD9CCF8E42 /* libPods-RSAEncryptDecrypt.a in Frameworks */,
			);
			runOnlyForDeploymentPostprocessing = 0;
		};
/* End PBXFrameworksBuildPhase section */

/* Begin PBXGroup section */
		62393F271D97B58700542D37 = {
			isa = PBXGroup;
			children = (
				62393F321D97B58700542D37 /* RSAEncryptDecrypt */,
				62393F311D97B58700542D37 /* Products */,
				75B4073CD37CC94083E95974 /* Pods */,
				75B061E6B4B7EBBDAFF252D1 /* Frameworks */,
			);
			sourceTree = "<group>";
		};
		62393F311D97B58700542D37 /* Products */ = {
			isa = PBXGroup;
			children = (
				62393F301D97B58700542D37 /* RSAEncryptDecrypt.app */,
			);
			name = Products;
			sourceTree = "<group>";
		};
		62393F321D97B58700542D37 /* RSAEncryptDecrypt */ = {
			isa = PBXGroup;
			children = (
				62393F5C1D97B84700542D37 /* RSAFile */,
				62393F361D97B58700542D37 /* AppDelegate.h */,
				62393F371D97B58700542D37 /* AppDelegate.m */,
				62393F391D97B58700542D37 /* ViewController.h */,
				62393F3A1D97B58700542D37 /* ViewController.m */,
				62393F3C1D97B58700542D37 /* Main.storyboard */,
				62393F3F1D97B58700542D37 /* Assets.xcassets */,
				62393F411D97B58700542D37 /* LaunchScreen.storyboard */,
				62393F441D97B58700542D37 /* Info.plist */,
				62393F331D97B58700542D37 /* Supporting Files */,
			);
			path = RSAEncryptDecrypt;
			sourceTree = "<group>";
		};
		62393F331D97B58700542D37 /* Supporting Files */ = {
			isa = PBXGroup;
			children = (
				62393F341D97B58700542D37 /* main.m */,
			);
			name = "Supporting Files";
			sourceTree = "<group>";
		};
		62393F5C1D97B84700542D37 /* RSAFile */ = {
			isa = PBXGroup;
			children = (
				62393F671D97C67B00542D37 /* rsa_private_key.pem */,
				62393F681D97C67B00542D37 /* rsa_public_key.pem */,
				62393F631D97B8C900542D37 /* cert.der */,
				62393F641D97B8C900542D37 /* pkcs.p12 */,
				62393F5D1D97B87500542D37 /* ZWOpenSSLRSA.h */,
				62393F5E1D97B87500542D37 /* ZWOpenSSLRSA.m */,
				62393F601D97B88400542D37 /* ZWRSA.h */,
				62393F611D97B88400542D37 /* ZWRSA.m */,
			);
			path = RSAFile;
			sourceTree = "<group>";
		};
		75B061E6B4B7EBBDAFF252D1 /* Frameworks */ = {
			isa = PBXGroup;
			children = (
				7EFC784EE19E150F960FC69C /* libPods-RSAEncryptDecrypt.a */,
			);
			name = Frameworks;
			sourceTree = "<group>";
		};
		75B4073CD37CC94083E95974 /* Pods */ = {
			isa = PBXGroup;
			children = (
				ECC3E5E3D648017618CFA2DF /* Pods-RSAEncryptDecrypt.debug.xcconfig */,
				6AB9C29DFBB445E07A9A1D08 /* Pods-RSAEncryptDecrypt.release.xcconfig */,
			);
			name = Pods;
			sourceTree = "<group>";
		};
/* End PBXGroup section */

/* Begin PBXNativeTarget section */
		62393F2F1D97B58700542D37 /* RSAEncryptDecrypt */ = {
			isa = PBXNativeTarget;
			buildConfigurationList = 62393F471D97B58700542D37 /* Build configuration list for PBXNativeTarget "RSAEncryptDecrypt" */;
			buildPhases = (
				DD52871F58124F30B3229A46 /* [CP] Check Pods Manifest.lock */,
				62393F2C1D97B58700542D37 /* Sources */,
				62393F2D1D97B58700542D37 /* Frameworks */,
				62393F2E1D97B58700542D37 /* Resources */,
				12D5E4B6AA5F3300D3C1C4BB /* [CP] Embed Pods Frameworks */,
				B76E282CF3C36C6D75BE01D7 /* [CP] Copy Pods Resources */,
			);
			buildRules = (
			);
			dependencies = (
			);
			name = RSAEncryptDecrypt;
			productName = RSAEncryptDecrypt;
			productReference = 62393F301D97B58700542D37 /* RSAEncryptDecrypt.app */;
			productType = "com.apple.product-type.application";
		};
/* End PBXNativeTarget section */

/* Begin PBXProject section */
		62393F281D97B58700542D37 /* Project object */ = {
			isa = PBXProject;
			attributes = {
				LastUpgradeCheck = 0730;
				ORGANIZATIONNAME = zaiwei;
				TargetAttributes = {
					62393F2F1D97B58700542D37 = {
						CreatedOnToolsVersion = 7.3.1;
						DevelopmentTeam = 8P6476QFNP;
					};
				};
			};
			buildConfigurationList = 62393F2B1D97B58700542D37 /* Build configuration list for PBXProject "RSAEncryptDecrypt" */;
			compatibilityVersion = "Xcode 3.2";
			developmentRegion = English;
			hasScannedForEncodings = 0;
			knownRegions = (
				en,
				Base,
			);
			mainGroup = 62393F271D97B58700542D37;
			productRefGroup = 62393F311D97B58700542D37 /* Products */;
			projectDirPath = "";
			projectRoot = "";
			targets = (
				62393F2F1D97B58700542D37 /* RSAEncryptDecrypt */,
			);
		};
/* End PBXProject section */

/* Begin PBXResourcesBuildPhase section */
		62393F2E1D97B58700542D37 /* Resources */ = {
			isa = PBXResourcesBuildPhase;
			buildActionMask = 2147483647;
			files = (
				62393F651D97C2A800542D37 /* cert.der in Resources */,
				62393F691D97C67B00542D37 /* rsa_private_key.pem in Resources */,
				62393F661D97C2A800542D37 /* pkcs.p12 in Resources */,
				62393F431D97B58700542D37 /* LaunchScreen.storyboard in Resources */,
				62393F401D97B58700542D37 /* Assets.xcassets in Resources */,
				62393F6A1D97C67B00542D37 /* rsa_public_key.pem in Resources */,
				62393F3E1D97B58700542D37 /* Main.storyboard in Resources */,
			);
			runOnlyForDeploymentPostprocessing = 0;
		};
/* End PBXResourcesBuildPhase section */

/* Begin PBXShellScriptBuildPhase section */
		12D5E4B6AA5F3300D3C1C4BB /* [CP] Embed Pods Frameworks */ = {
			isa = PBXShellScriptBuildPhase;
			buildActionMask = 2147483647;
			files = (
			);
			inputPaths = (
			);
			name = "[CP] Embed Pods Frameworks";
			outputPaths = (
			);
			runOnlyForDeploymentPostprocessing = 0;
			shellPath = /bin/sh;
			shellScript = "\"${SRCROOT}/Pods/Target Support Files/Pods-RSAEncryptDecrypt/Pods-RSAEncryptDecrypt-frameworks.sh\"\n";
			showEnvVarsInLog = 0;
		};
		B76E282CF3C36C6D75BE01D7 /* [CP] Copy Pods Resources */ = {
			isa = PBXShellScriptBuildPhase;
			buildActionMask = 2147483647;
			files = (
			);
			inputPaths = (
			);
			name = "[CP] Copy Pods Resources";
			outputPaths = (
			);
			runOnlyForDeploymentPostprocessing = 0;
			shellPath = /bin/sh;
			shellScript = "\"${SRCROOT}/Pods/Target Support Files/Pods-RSAEncryptDecrypt/Pods-RSAEncryptDecrypt-resources.sh\"\n";
			showEnvVarsInLog = 0;
		};
		DD52871F58124F30B3229A46 /* [CP] Check Pods Manifest.lock */ = {
			isa = PBXShellScriptBuildPhase;
			buildActionMask = 2147483647;
			files = (
			);
			inputPaths = (
			);
			name = "[CP] Check Pods Manifest.lock";
			outputPaths = (
			);
			runOnlyForDeploymentPostprocessing = 0;
			shellPath = /bin/sh;
			shellScript = "diff \"${PODS_ROOT}/../Podfile.lock\" \"${PODS_ROOT}/Manifest.lock\" > /dev/null\nif [[ $? != 0 ]] ; then\n    cat << EOM\nerror: The sandbox is not in sync with the Podfile.lock. Run 'pod install' or update your CocoaPods installation.\nEOM\n    exit 1\nfi\n";
			showEnvVarsInLog = 0;
		};
/* End PBXShellScriptBuildPhase section */

/* Begin PBXSourcesBuildPhase section */
		62393F2C1D97B58700542D37 /* Sources */ = {
			isa = PBXSourcesBuildPhase;
			buildActionMask = 2147483647;
			files = (
				62393F5F1D97B87500542D37 /* ZWOpenSSLRSA.m in Sources */,
				62393F3B1D97B58700542D37 /* ViewController.m in Sources */,
				62393F381D97B58700542D37 /* AppDelegate.m in Sources */,
				62393F351D97B58700542D37 /* main.m in Sources */,
				62393F621D97B88400542D37 /* ZWRSA.m in Sources */,
			);
			runOnlyForDeploymentPostprocessing = 0;
		};
/* End PBXSourcesBuildPhase section */

/* Begin PBXVariantGroup section */
		62393F3C1D97B58700542D37 /* Main.storyboard */ = {
			isa = PBXVariantGroup;
			children = (
				62393F3D1D97B58700542D37 /* Base */,
			);
			name = Main.storyboard;
			sourceTree = "<group>";
		};
		62393F411D97B58700542D37 /* LaunchScreen.storyboard */ = {
			isa = PBXVariantGroup;
			children = (
				62393F421D97B58700542D37 /* Base */,
			);
			name = LaunchScreen.storyboard;
			sourceTree = "<group>";
		};
/* End PBXVariantGroup section */

/* Begin XCBuildConfiguration section */
		62393F451D97B58700542D37 /* Debug */ = {
			isa = XCBuildConfiguration;
			buildSettings = {
				ALWAYS_SEARCH_USER_PATHS = NO;
				CLANG_ANALYZER_NONNULL = YES;
				CLANG_CXX_LANGUAGE_STANDARD = "gnu++0x";
				CLANG_CXX_LIBRARY = "libc++";
				CLANG_ENABLE_MODULES = YES;
				CLANG_ENABLE_OBJC_ARC = YES;
				CLANG_WARN_BOOL_CONVERSION = YES;
				CLANG_WARN_CONSTANT_CONVERSION = YES;
				CLANG_WARN_DIRECT_OBJC_ISA_USAGE = YES_ERROR;
				CLANG_WARN_EMPTY_BODY = YES;
				CLANG_WARN_ENUM_CONVERSION = YES;
				CLANG_WARN_INT_CONVERSION = YES;
				CLANG_WARN_OBJC_ROOT_CLASS = YES_ERROR;
				CLANG_WARN_UNREACHABLE_CODE = YES;
				CLANG_WARN__DUPLICATE_METHOD_MATCH = YES;
				"CODE_SIGN_IDENTITY[sdk=iphoneos*]" = "iPhone Developer";
				COPY_PHASE_STRIP = NO;
				DEBUG_INFORMATION_FORMAT = dwarf;
				ENABLE_STRICT_OBJC_MSGSEND = YES;
				ENABLE_TESTABILITY = YES;
				GCC_C_LANGUAGE_STANDARD = gnu99;
				GCC_DYNAMIC_NO_PIC = NO;
				GCC_NO_COMMON_BLOCKS = YES;
				GCC_OPTIMIZATION_LEVEL = 0;
				GCC_PREPROCESSOR_DEFINITIONS = (
					"DEBUG=1",
					"$(inherited)",
				);
				GCC_WARN_64_TO_32_BIT_CONVERSION = YES;
				GCC_WARN_ABOUT_RETURN_TYPE = YES_ERROR;
				GCC_WARN_UNDECLARED_SELECTOR = YES;
				GCC_WARN_UNINITIALIZED_AUTOS = YES_AGGRESSIVE;
				GCC_WARN_UNUSED_FUNCTION = YES;
				GCC_WARN_UNUSED_VARIABLE = YES;
				IPHONEOS_DEPLOYMENT_TARGET = 9.3;
				MTL_ENABLE_DEBUG_INFO = YES;
				ONLY_ACTIVE_ARCH = YES;
				SDKROOT = iphoneos;
			};
			name = Debug;
		};
		62393F461D97B58700542D37 /* Release */ = {
			isa = XCBuildConfiguration;
			buildSettings = {
				ALWAYS_SEARCH_USER_PATHS = NO;
				CLANG_ANALYZER_NONNULL = YES;
				CLANG_CXX_LANGUAGE_STANDARD = "gnu++0x";
				CLANG_CXX_LIBRARY = "libc++";
				CLANG_ENABLE_MODULES = YES;
				CLANG_ENABLE_OBJC_ARC = YES;
				CLANG_WARN_BOOL_CONVERSION = YES;
				CLANG_WARN_CONSTANT_CONVERSION = YES;
				CLANG_WARN_DIRECT_OBJC_ISA_USAGE = YES_ERROR;
				CLANG_WARN_EMPTY_BODY = YES;
				CLANG_WARN_ENUM_CONVERSION = YES;
				CLANG_WARN_INT_CONVERSION = YES;
				CLANG_WARN_OBJC_ROOT_CLASS = YES_ERROR;
				CLANG_WARN_UNREACHABLE_CODE = YES;
				CLANG_WARN__DUPLICATE_METHOD_MATCH = YES;
				"CODE_SIGN_IDENTITY[sdk=iphoneos*]" = "iPhone Developer";
				COPY_PHASE_STRIP = NO;
				DEBUG_INFORMATION_FORMAT = "dwarf-with-dsym";
				ENABLE_NS_ASSERTIONS = NO;
				ENABLE_STRICT_OBJC_MSGSEND = YES;
				GCC_C_LANGUAGE_STANDARD = gnu99;
				GCC_NO_COMMON_BLOCKS = YES;
				GCC_WARN_64_TO_32_BIT_CONVERSION = YES;
				GCC_WARN_ABOUT_RETURN_TYPE = YES_ERROR;
				GCC_WARN_UNDECLARED_SELECTOR = YES;
				GCC_WARN_UNINITIALIZED_AUTOS = YES_AGGRESSIVE;
				GCC_WARN_UNUSED_FUNCTION = YES;
				GCC_WARN_UNUSED_VARIABLE = YES;
				IPHONEOS_DEPLOYMENT_TARGET = 9.3;
				MTL_ENABLE_DEBUG_INFO = NO;
				SDKROOT = iphoneos;
				VALIDATE_PRODUCT = YES;
			};
			name = Release;
		};
		62393F481D97B58700542D37 /* Debug */ = {
			isa = XCBuildConfiguration;
			baseConfigurationReference = ECC3E5E3D648017618CFA2DF /* Pods-RSAEncryptDecrypt.debug.xcconfig */;
			buildSettings = {
				ASSETCATALOG_COMPILER_APPICON_NAME = AppIcon;
				INFOPLIST_FILE = RSAEncryptDecrypt/Info.plist;
				LD_RUNPATH_SEARCH_PATHS = "$(inherited) @executable_path/Frameworks";
				PRODUCT_BUNDLE_IDENTIFIER = com.zaiwei.RSAEncryptDecrypt;
				PRODUCT_NAME = "$(TARGET_NAME)";
			};
			name = Debug;
		};
		62393F491D97B58700542D37 /* Release */ = {
			isa = XCBuildConfiguration;
			baseConfigurationReference = 6AB9C29DFBB445E07A9A1D08 /* Pods-RSAEncryptDecrypt.release.xcconfig */;
			buildSettings = {
				ASSETCATALOG_COMPILER_APPICON_NAME = AppIcon;
				INFOPLIST_FILE = RSAEncryptDecrypt/Info.plist;
				LD_RUNPATH_SEARCH_PATHS = "$(inherited) @executable_path/Frameworks";
				PRODUCT_BUNDLE_IDENTIFIER = com.zaiwei.RSAEncryptDecrypt;
				PRODUCT_NAME = "$(TARGET_NAME)";
			};
			name = Release;
		};
/* End XCBuildConfiguration section */

/* Begin XCConfigurationList section */
		62393F2B1D97B58700542D37 /* Build configuration list for PBXProject "RSAEncryptDecrypt" */ = {
			isa = XCConfigurationList;
			buildConfigurations = (
				62393F451D97B58700542D37 /* Debug */,
				62393F461D97B58700542D37 /* Release */,
			);
			defaultConfigurationIsVisible = 0;
			defaultConfigurationName = Release;
		};
		62393F471D97B58700542D37 /* Build configuration list for PBXNativeTarget "RSAEncryptDecrypt" */ = {
			isa = XCConfigurationList;
			buildConfigurations = (
				62393F481D97B58700542D37 /* Debug */,
				62393F491D97B58700542D37 /* Release */,
			);
			defaultConfigurationIsVisible = 0;
			defaultConfigurationName = Release;
		};
/* End XCConfigurationList section */
	};
	rootObject = 62393F281D97B58700542D37 /* Project object */;
}
